// !$*UTF8*$!
{
	archiveVersion = 1;
	classes = {
	};
	objectVersion = 48;
	objects = {

/* Begin PBXBuildFile section */
		29B2A5971F97893C008D2DC7 /* AppDelegate.swift in Sources */ = {isa = PBXBuildFile; fileRef = 29B2A5961F97893C008D2DC7 /* AppDelegate.swift */; };
		29B2A5991F97893C008D2DC7 /* ViewController.swift in Sources */ = {isa = PBXBuildFile; fileRef = 29B2A5981F97893C008D2DC7 /* ViewController.swift */; };
		29B2A59C1F97893C008D2DC7 /* Main.storyboard in Resources */ = {isa = PBXBuildFile; fileRef = 29B2A59A1F97893C008D2DC7 /* Main.storyboard */; };
		29B2A59E1F97893C008D2DC7 /* Assets.xcassets in Resources */ = {isa = PBXBuildFile; fileRef = 29B2A59D1F97893C008D2DC7 /* Assets.xcassets */; };
		29B2A5A11F97893C008D2DC7 /* LaunchScreen.storyboard in Resources */ = {isa = PBXBuildFile; fileRef = 29B2A59F1F97893C008D2DC7 /* LaunchScreen.storyboard */; };
		29B2A5AA1F978BB9008D2DC7 /* ViewController.swift in Sources */ = {isa = PBXBuildFile; fileRef = 29B2A5981F97893C008D2DC7 /* ViewController.swift */; };
		29B2A5AB1F978BB9008D2DC7 /* AppDelegate.swift in Sources */ = {isa = PBXBuildFile; fileRef = 29B2A5961F97893C008D2DC7 /* AppDelegate.swift */; };
		29B2A5AC1F978BB9008D2DC7 /* AudioManager.swift in Sources */ = {isa = PBXBuildFile; fileRef = 61547B982EFCDF8901D04A90 /* AudioManager.swift */; };
		29B2A5AF1F978BB9008D2DC7 /* LaunchScreen.storyboard in Resources */ = {isa = PBXBuildFile; fileRef = 29B2A59F1F97893C008D2DC7 /* LaunchScreen.storyboard */; };
		29B2A5B01F978BB9008D2DC7 /* Assets.xcassets in Resources */ = {isa = PBXBuildFile; fileRef = 29B2A59D1F97893C008D2DC7 /* Assets.xcassets */; };
		29B2A5B11F978BB9008D2DC7 /* Main.storyboard in Resources */ = {isa = PBXBuildFile; fileRef = 29B2A59A1F97893C008D2DC7 /* Main.storyboard */; };
		615478645BFCF75853C6308C /* AudioManager.swift in Sources */ = {isa = PBXBuildFile; fileRef = 61547B982EFCDF8901D04A90 /* AudioManager.swift */; };
/* End PBXBuildFile section */

/* Begin PBXFileReference section */
		29B2A5931F97893C008D2DC7 /* Swift4.app */ = {isa = PBXFileReference; explicitFileType = wrapper.application; includeInIndex = 0; path = Swift4.app; sourceTree = BUILT_PRODUCTS_DIR; };
		29B2A5961F97893C008D2DC7 /* AppDelegate.swift */ = {isa = PBXFileReference; lastKnownFileType = sourcecode.swift; path = AppDelegate.swift; sourceTree = "<group>"; };
		29B2A5981F97893C008D2DC7 /* ViewController.swift */ = {isa = PBXFileReference; lastKnownFileType = sourcecode.swift; path = ViewController.swift; sourceTree = "<group>"; };
		29B2A59B1F97893C008D2DC7 /* Base */ = {isa = PBXFileReference; lastKnownFileType = file.storyboard; name = Base; path = Base.lproj/Main.storyboard; sourceTree = "<group>"; };
		29B2A59D1F97893C008D2DC7 /* Assets.xcassets */ = {isa = PBXFileReference; lastKnownFileType = folder.assetcatalog; path = Assets.xcassets; sourceTree = "<group>"; };
		29B2A5A01F97893C008D2DC7 /* Base */ = {isa = PBXFileReference; lastKnownFileType = file.storyboard; name = Base; path = Base.lproj/LaunchScreen.storyboard; sourceTree = "<group>"; };
		29B2A5A21F97893C008D2DC7 /* Info.plist */ = {isa = PBXFileReference; lastKnownFileType = text.plist.xml; path = Info.plist; sourceTree = "<group>"; };
		29B2A5B51F978BB9008D2DC7 /* Swift3.app */ = {isa = PBXFileReference; explicitFileType = wrapper.application; includeInIndex = 0; path = Swift3.app; sourceTree = BUILT_PRODUCTS_DIR; };
		29B2A5B61F978BB9008D2DC7 /* Swift4 copy-Info.plist */ = {isa = PBXFileReference; lastKnownFileType = text.plist.xml; name = "Swift4 copy-Info.plist"; path = "/Users/kirow/Desktop/Test/AppearanceTargetIssue/Swift4 copy-Info.plist"; sourceTree = "<absolute>"; };
		61547B982EFCDF8901D04A90 /* AudioManager.swift */ = {isa = PBXFileReference; fileEncoding = 4; lastKnownFileType = sourcecode.swift; path = AudioManager.swift; sourceTree = "<group>"; };
/* End PBXFileReference section */

/* Begin PBXFrameworksBuildPhase section */
		29B2A5901F97893C008D2DC7 /* Frameworks */ = {
			isa = PBXFrameworksBuildPhase;
			buildActionMask = 2147483647;
			files = (
			);
			runOnlyForDeploymentPostprocessing = 0;
		};
		29B2A5AD1F978BB9008D2DC7 /* Frameworks */ = {
			isa = PBXFrameworksBuildPhase;
			buildActionMask = 2147483647;
			files = (
			);
			runOnlyForDeploymentPostprocessing = 0;
		};
/* End PBXFrameworksBuildPhase section */

/* Begin PBXGroup section */
		29B2A58A1F97893C008D2DC7 = {
			isa = PBXGroup;
			children = (
				29B2A5951F97893C008D2DC7 /* AppearanceTargetIssue */,
				29B2A5941F97893C008D2DC7 /* Products */,
				29B2A5B61F978BB9008D2DC7 /* Swift4 copy-Info.plist */,
			);
			sourceTree = "<group>";
		};
		29B2A5941F97893C008D2DC7 /* Products */ = {
			isa = PBXGroup;
			children = (
				29B2A5931F97893C008D2DC7 /* Swift4.app */,
				29B2A5B51F978BB9008D2DC7 /* Swift3.app */,
			);
			name = Products;
			sourceTree = "<group>";
		};
		29B2A5951F97893C008D2DC7 /* AppearanceTargetIssue */ = {
			isa = PBXGroup;
			children = (
				29B2A5961F97893C008D2DC7 /* AppDelegate.swift */,
				29B2A5981F97893C008D2DC7 /* ViewController.swift */,
				29B2A59A1F97893C008D2DC7 /* Main.storyboard */,
				29B2A59D1F97893C008D2DC7 /* Assets.xcassets */,
				29B2A59F1F97893C008D2DC7 /* LaunchScreen.storyboard */,
				29B2A5A21F97893C008D2DC7 /* Info.plist */,
				61547B982EFCDF8901D04A90 /* AudioManager.swift */,
			);
			path = AppearanceTargetIssue;
			sourceTree = "<group>";
		};
/* End PBXGroup section */

/* Begin PBXNativeTarget section */
		29B2A5921F97893C008D2DC7 /* Swift4 */ = {
			isa = PBXNativeTarget;
			buildConfigurationList = 29B2A5A51F97893C008D2DC7 /* Build configuration list for PBXNativeTarget "Swift4" */;
			buildPhases = (
				29B2A58F1F97893C008D2DC7 /* Sources */,
				29B2A5901F97893C008D2DC7 /* Frameworks */,
				29B2A5911F97893C008D2DC7 /* Resources */,
			);
			buildRules = (
			);
			dependencies = (
			);
			name = Swift4;
			productName = AppearanceTargetIssue;
			productReference = 29B2A5931F97893C008D2DC7 /* Swift4.app */;
			productType = "com.apple.product-type.application";
		};
		29B2A5A81F978BB9008D2DC7 /* Swift3 */ = {
			isa = PBXNativeTarget;
			buildConfigurationList = 29B2A5B21F978BB9008D2DC7 /* Build configuration list for PBXNativeTarget "Swift3" */;
			buildPhases = (
				29B2A5A91F978BB9008D2DC7 /* Sources */,
				29B2A5AD1F978BB9008D2DC7 /* Frameworks */,
				29B2A5AE1F978BB9008D2DC7 /* Resources */,
			);
			buildRules = (
			);
			dependencies = (
			);
			name = Swift3;
			productName = AppearanceTargetIssue;
			productReference = 29B2A5B51F978BB9008D2DC7 /* Swift3.app */;
			productType = "com.apple.product-type.application";
		};
/* End PBXNativeTarget section */

/* Begin PBXProject section */
		29B2A58B1F97893C008D2DC7 /* Project object */ = {
			isa = PBXProject;
			attributes = {
				LastSwiftUpdateCheck = 0900;
				LastUpgradeCheck = 0900;
				ORGANIZATIONNAME = Home;
				TargetAttributes = {
					29B2A5921F97893C008D2DC7 = {
						CreatedOnToolsVersion = 9.0.1;
						ProvisioningStyle = Automatic;
					};
					29B2A5A81F978BB9008D2DC7 = {
						ProvisioningStyle = Automatic;
					};
				};
			};
			buildConfigurationList = 29B2A58E1F97893C008D2DC7 /* Build configuration list for PBXProject "AppearanceTargetIssue" */;
			compatibilityVersion = "Xcode 8.0";
			developmentRegion = en;
			hasScannedForEncodings = 0;
			knownRegions = (
				en,
				Base,
			);
			mainGroup = 29B2A58A1F97893C008D2DC7;
			productRefGroup = 29B2A5941F97893C008D2DC7 /* Products */;
			projectDirPath = "";
			projectRoot = "";
			targets = (
				29B2A5921F97893C008D2DC7 /* Swift4 */,
				29B2A5A81F978BB9008D2DC7 /* Swift3 */,
			);
		};
/* End PBXProject section */

/* Begin PBXResourcesBuildPhase section */
		29B2A5911F97893C008D2DC7 /* Resources */ = {
			isa = PBXResourcesBuildPhase;
			buildActionMask = 2147483647;
			files = (
				29B2A5A11F97893C008D2DC7 /* LaunchScreen.storyboard in Resources */,
				29B2A59E1F97893C008D2DC7 /* Assets.xcassets in Resources */,
				29B2A59C1F97893C008D2DC7 /* Main.storyboard in Resources */,
			);
			runOnlyForDeploymentPostprocessing = 0;
		};
		29B2A5AE1F978BB9008D2DC7 /* Resources */ = {
			isa = PBXResourcesBuildPhase;
			buildActionMask = 2147483647;
			files = (
				29B2A5AF1F978BB9008D2DC7 /* LaunchScreen.storyboard in Resources */,
				29B2A5B01F978BB9008D2DC7 /* Assets.xcassets in Resources */,
				29B2A5B11F978BB9008D2DC7 /* Main.storyboard in Resources */,
			);
			runOnlyForDeploymentPostprocessing = 0;
		};
/* End PBXResourcesBuildPhase section */

/* Begin PBXSourcesBuildPhase section */
		29B2A58F1F97893C008D2DC7 /* Sources */ = {
			isa = PBXSourcesBuildPhase;
			buildActionMask = 2147483647;
			files = (
				29B2A5991F97893C008D2DC7 /* ViewController.swift in Sources */,
				29B2A5971F97893C008D2DC7 /* AppDelegate.swift in Sources */,
				615478645BFCF75853C6308C /* AudioManager.swift in Sources */,
			);
			runOnlyForDeploymentPostprocessing = 0;
		};
		29B2A5A91F978BB9008D2DC7 /* Sources */ = {
			isa = PBXSourcesBuildPhase;
			buildActionMask = 2147483647;
			files = (
				29B2A5AA1F978BB9008D2DC7 /* ViewController.swift in Sources */,
				29B2A5AB1F978BB9008D2DC7 /* AppDelegate.swift in Sources */,
				29B2A5AC1F978BB9008D2DC7 /* AudioManager.swift in Sources */,
			);
			runOnlyForDeploymentPostprocessing = 0;
		};
/* End PBXSourcesBuildPhase section */

/* Begin PBXVariantGroup section */
		29B2A59A1F97893C008D2DC7 /* Main.storyboard */ = {
			isa = PBXVariantGroup;
			children = (
				29B2A59B1F97893C008D2DC7 /* Base */,
			);
			name = Main.storyboard;
			sourceTree = "<group>";
		};
		29B2A59F1F97893C008D2DC7 /* LaunchScreen.storyboard */ = {
			isa = PBXVariantGroup;
			children = (
				29B2A5A01F97893C008D2DC7 /* Base */,
			);
			name = LaunchScreen.storyboard;
			sourceTree = "<group>";
		};
/* End PBXVariantGroup section */

/* Begin XCBuildConfiguration section */
		29B2A5A31F97893C008D2DC7 /* Debug */ = {
			isa = XCBuildConfiguration;
			buildSettings = {
				ALWAYS_SEARCH_USER_PATHS = NO;
				CLANG_ANALYZER_NONNULL = YES;
				CLANG_ANALYZER_NUMBER_OBJECT_CONVERSION = YES_AGGRESSIVE;
				CLANG_CXX_LANGUAGE_STANDARD = "gnu++14";
				CLANG_CXX_LIBRARY = "libc++";
				CLANG_ENABLE_MODULES = YES;
				CLANG_ENABLE_OBJC_ARC = YES;
				CLANG_WARN_BLOCK_CAPTURE_AUTORELEASING = YES;
				CLANG_WARN_BOOL_CONVERSION = YES;
				CLANG_WARN_COMMA = YES;
				CLANG_WARN_CONSTANT_CONVERSION = YES;
				CLANG_WARN_DIRECT_OBJC_ISA_USAGE = YES_ERROR;
				CLANG_WARN_DOCUMENTATION_COMMENTS = YES;
				CLANG_WARN_EMPTY_BODY = YES;
				CLANG_WARN_ENUM_CONVERSION = YES;
				CLANG_WARN_INFINITE_RECURSION = YES;
				CLANG_WARN_INT_CONVERSION = YES;
				CLANG_WARN_NON_LITERAL_NULL_CONVERSION = YES;
				CLANG_WARN_OBJC_LITERAL_CONVERSION = YES;
				CLANG_WARN_OBJC_ROOT_CLASS = YES_ERROR;
				CLANG_WARN_RANGE_LOOP_ANALYSIS = YES;
				CLANG_WARN_STRICT_PROTOTYPES = YES;
				CLANG_WARN_SUSPICIOUS_MOVE = YES;
				CLANG_WARN_UNGUARDED_AVAILABILITY = YES_AGGRESSIVE;
				CLANG_WARN_UNREACHABLE_CODE = YES;
				CLANG_WARN__DUPLICATE_METHOD_MATCH = YES;
				CODE_SIGN_IDENTITY = "iPhone Developer";
				COPY_PHASE_STRIP = NO;
				DEBUG_INFORMATION_FORMAT = dwarf;
				ENABLE_STRICT_OBJC_MSGSEND = YES;
				ENABLE_TESTABILITY = YES;
				GCC_C_LANGUAGE_STANDARD = gnu11;
				GCC_DYNAMIC_NO_PIC = NO;
				GCC_NO_COMMON_BLOCKS = YES;
				GCC_OPTIMIZATION_LEVEL = 0;
				GCC_PREPROCESSOR_DEFINITIONS = (
					"DEBUG=1",
					"$(inherited)",
				);
				GCC_WARN_64_TO_32_BIT_CONVERSION = YES;
				GCC_WARN_ABOUT_RETURN_TYPE = YES_ERROR;
				GCC_WARN_UNDECLARED_SELECTOR = YES;
				GCC_WARN_UNINITIALIZED_AUTOS = YES_AGGRESSIVE;
				GCC_WARN_UNUSED_FUNCTION = YES;
				GCC_WARN_UNUSED_VARIABLE = YES;
				IPHONEOS_DEPLOYMENT_TARGET = 11.0;
				MTL_ENABLE_DEBUG_INFO = YES;
				ONLY_ACTIVE_ARCH = YES;
				SDKROOT = iphoneos;
				SWIFT_ACTIVE_COMPILATION_CONDITIONS = DEBUG;
				SWIFT_OPTIMIZATION_LEVEL = "-Onone";
			};
			name = Debug;
		};
		29B2A5A41F97893C008D2DC7 /* Release */ = {
			isa = XCBuildConfiguration;
			buildSettings = {
				ALWAYS_SEARCH_USER_PATHS = NO;
				CLANG_ANALYZER_NONNULL = YES;
				CLANG_ANALYZER_NUMBER_OBJECT_CONVERSION = YES_AGGRESSIVE;
				CLANG_CXX_LANGUAGE_STANDARD = "gnu++14";
				CLANG_CXX_LIBRARY = "libc++";
				CLANG_ENABLE_MODULES = YES;
				CLANG_ENABLE_OBJC_ARC = YES;
				CLANG_WARN_BLOCK_CAPTURE_AUTORELEASING = YES;
				CLANG_WARN_BOOL_CONVERSION = YES;
				CLANG_WARN_COMMA = YES;
				CLANG_WARN_CONSTANT_CONVERSION = YES;
				CLANG_WARN_DIRECT_OBJC_ISA_USAGE = YES_ERROR;
				CLANG_WARN_DOCUMENTATION_COMMENTS = YES;
				CLANG_WARN_EMPTY_BODY = YES;
				CLANG_WARN_ENUM_CONVERSION = YES;
				CLANG_WARN_INFINITE_RECURSION = YES;
				CLANG_WARN_INT_CONVERSION = YES;
				CLANG_WARN_NON_LITERAL_NULL_CONVERSION = YES;
				CLANG_WARN_OBJC_LITERAL_CONVERSION = YES;
				CLANG_WARN_OBJC_ROOT_CLASS = YES_ERROR;
				CLANG_WARN_RANGE_LOOP_ANALYSIS = YES;
				CLANG_WARN_STRICT_PROTOTYPES = YES;
				CLANG_WARN_SUSPICIOUS_MOVE = YES;
				CLANG_WARN_UNGUARDED_AVAILABILITY = YES_AGGRESSIVE;
				CLANG_WARN_UNREACHABLE_CODE = YES;
				CLANG_WARN__DUPLICATE_METHOD_MATCH = YES;
				CODE_SIGN_IDENTITY = "iPhone Developer";
				COPY_PHASE_STRIP = NO;
				DEBUG_INFORMATION_FORMAT = "dwarf-with-dsym";
				ENABLE_NS_ASSERTIONS = NO;
				ENABLE_STRICT_OBJC_MSGSEND = YES;
				GCC_C_LANGUAGE_STANDARD = gnu11;
				GCC_NO_COMMON_BLOCKS = YES;
				GCC_WARN_64_TO_32_BIT_CONVERSION = YES;
				GCC_WARN_ABOUT_RETURN_TYPE = YES_ERROR;
				GCC_WARN_UNDECLARED_SELECTOR = YES;
				GCC_WARN_UNINITIALIZED_AUTOS = YES_AGGRESSIVE;
				GCC_WARN_UNUSED_FUNCTION = YES;
				GCC_WARN_UNUSED_VARIABLE = YES;
				IPHONEOS_DEPLOYMENT_TARGET = 11.0;
				MTL_ENABLE_DEBUG_INFO = NO;
				SDKROOT = iphoneos;
				SWIFT_OPTIMIZATION_LEVEL = "-Owholemodule";
				VALIDATE_PRODUCT = YES;
			};
			name = Release;
		};
		29B2A5A61F97893C008D2DC7 /* Debug */ = {
			isa = XCBuildConfiguration;
			buildSettings = {
				ASSETCATALOG_COMPILER_APPICON_NAME = AppIcon;
				CODE_SIGN_STYLE = Automatic;
				DEVELOPMENT_TEAM = 4NJD8NH7RL;
				INFOPLIST_FILE = AppearanceTargetIssue/Info.plist;
				LD_RUNPATH_SEARCH_PATHS = "$(inherited) @executable_path/Frameworks";
				PRODUCT_BUNDLE_IDENTIFIER = com.kirow.AppearanceTargetIssue;
				PRODUCT_NAME = "$(TARGET_NAME)";
				SWIFT_VERSION = 4.0;
				TARGETED_DEVICE_FAMILY = "1,2";
			};
			name = Debug;
		};
		29B2A5A71F97893C008D2DC7 /* Release */ = {
			isa = XCBuildConfiguration;
			buildSettings = {
				ASSETCATALOG_COMPILER_APPICON_NAME = AppIcon;
				CODE_SIGN_STYLE = Automatic;
				DEVELOPMENT_TEAM = 4NJD8NH7RL;
				INFOPLIST_FILE = AppearanceTargetIssue/Info.plist;
				LD_RUNPATH_SEARCH_PATHS = "$(inherited) @executable_path/Frameworks";
				PRODUCT_BUNDLE_IDENTIFIER = com.kirow.AppearanceTargetIssue;
				PRODUCT_NAME = "$(TARGET_NAME)";
				SWIFT_VERSION = 4.0;
				TARGETED_DEVICE_FAMILY = "1,2";
			};
			name = Release;
		};
		29B2A5B31F978BB9008D2DC7 /* Debug */ = {
			isa = XCBuildConfiguration;
			buildSettings = {
				ASSETCATALOG_COMPILER_APPICON_NAME = AppIcon;
				CODE_SIGN_STYLE = Automatic;
				DEVELOPMENT_TEAM = 4NJD8NH7RL;
				INFOPLIST_FILE = "Swift4 copy-Info.plist";
				LD_RUNPATH_SEARCH_PATHS = "$(inherited) @executable_path/Frameworks";
				PRODUCT_BUNDLE_IDENTIFIER = com.kirow.AppearanceTargetIssue;
				PRODUCT_NAME = "$(TARGET_NAME)";
				SWIFT_VERSION = 3.0;
				TARGETED_DEVICE_FAMILY = "1,2";
			};
			name = Debug;
		};
		29B2A5B41F978BB9008D2DC7 /* Release */ = {
			isa = XCBuildConfiguration;
			buildSettings = {
				ASSETCATALOG_COMPILER_APPICON_NAME = AppIcon;
				CODE_SIGN_STYLE = Automatic;
				DEVELOPMENT_TEAM = 4NJD8NH7RL;
				INFOPLIST_FILE = "Swift4 copy-Info.plist";
				LD_RUNPATH_SEARCH_PATHS = "$(inherited) @executable_path/Frameworks";
				PRODUCT_BUNDLE_IDENTIFIER = com.kirow.AppearanceTargetIssue;
				PRODUCT_NAME = "$(TARGET_NAME)";
				SWIFT_VERSION = 3.0;
				TARGETED_DEVICE_FAMILY = "1,2";
			};
			name = Release;
		};
/* End XCBuildConfiguration section */

/* Begin XCConfigurationList section */
		29B2A58E1F97893C008D2DC7 /* Build configuration list for PBXProject "AppearanceTargetIssue" */ = {
			isa = XCConfigurationList;
			buildConfigurations = (
				29B2A5A31F97893C008D2DC7 /* Debug */,
				29B2A5A41F97893C008D2DC7 /* Release */,
			);
			defaultConfigurationIsVisible = 0;
			defaultConfigurationName = Release;
		};
		29B2A5A51F97893C008D2DC7 /* Build configuration list for PBXNativeTarget "Swift4" */ = {
			isa = XCConfigurationList;
			buildConfigurations = (
				29B2A5A61F97893C008D2DC7 /* Debug */,
				29B2A5A71F97893C008D2DC7 /* Release */,
			);
			defaultConfigurationIsVisible = 0;
			defaultConfigurationName = Release;
		};
		29B2A5B21F978BB9008D2DC7 /* Build configuration list for PBXNativeTarget "Swift3" */ = {
			isa = XCConfigurationList;
			buildConfigurations = (
				29B2A5B31F978BB9008D2DC7 /* Debug */,
				29B2A5B41F978BB9008D2DC7 /* Release */,
			);
			defaultConfigurationIsVisible = 0;
			defaultConfigurationName = Release;
		};
/* End XCConfigurationList section */
	};
	rootObject = 29B2A58B1F97893C008D2DC7 /* Project object */;
}
